// !$*UTF8*$!
{
	archiveVersion = 1;
	classes = {
	};
	objectVersion = 77;
	objects = {

/* Begin PBXBuildFile section */
		0571D3578E002AFE2B1DDEAF /* LargeView.swift in Sources */ = {isa = PBXBuildFile; fileRef = BD237574226DE3FEAE2C5E7E /* LargeView.swift */; };
		1590037BF2ADB8F615067824 /* Entry.swift in Sources */ = {isa = PBXBuildFile; fileRef = 4B7DC5A8B6020123C6E5F0D8 /* Entry.swift */; };
		200118F6B9077B25B69906B4 /* CascadeMenuBarContentView.swift in Sources */ = {isa = PBXBuildFile; fileRef = 442F821E1C1D02D48432491B /* CascadeMenuBarContentView.swift */; };
		39A1DEC1C85AD12E5DBE12EE /* DesktopFleetView.swift in Sources */ = {isa = PBXBuildFile; fileRef = 8BF87462C69C840B22807925 /* DesktopFleetView.swift */; };
		47D8146A831BD4D3635AD301 /* UsageCache.swift in Sources */ = {isa = PBXBuildFile; fileRef = 0208B51D2101F403DC0C843E /* UsageCache.swift */; };
		53907DC960C89A4D6F9997B8 /* CascadeWidget.swift in Sources */ = {isa = PBXBuildFile; fileRef = 1FB538BE3C026816D9226121 /* CascadeWidget.swift */; };
		5A53E34D50A9565DBF2DEDA1 /* Provider.swift in Sources */ = {isa = PBXBuildFile; fileRef = 4EE0C9FDFD3F57319DC51032 /* Provider.swift */; };
		5FD8CFBF632C994ED0ED00C0 /* Formatting.swift in Sources */ = {isa = PBXBuildFile; fileRef = 9F62E832D7B08BCA17B8ABD7 /* Formatting.swift */; };
		669AD9FD73271C19001C1D45 /* CascadeMenuBarLabel.swift in Sources */ = {isa = PBXBuildFile; fileRef = C7DBA986C9F3A96EE826FCC3 /* CascadeMenuBarLabel.swift */; };
		6B61B170452FF9853DC540B1 /* MonochromeDimModifier.swift in Sources */ = {isa = PBXBuildFile; fileRef = 087B157FAA8CD443F9533691 /* MonochromeDimModifier.swift */; };
		6C885B361E1543A3F9828C53 /* AppIcon.icns in Resources */ = {isa = PBXBuildFile; fileRef = 30BEF06182F332F03679B356 /* AppIcon.icns */; };
		7ABB8A205130B418B934BEF8 /* CacheModel.swift in Sources */ = {isa = PBXBuildFile; fileRef = 4743F7749BB7E4086767D953 /* CacheModel.swift */; };
		7CBCF0D56C1E576C1A3A67EC /* MediumView.swift in Sources */ = {isa = PBXBuildFile; fileRef = 3CE26AC57686229523FF30FB /* MediumView.swift */; };
		863F5D56D5FFD1D2875B039D /* CascadeApp.swift in Sources */ = {isa = PBXBuildFile; fileRef = 32BDC7ECB66D7F993F0B31EE /* CascadeApp.swift */; };
		969BB6A87AED736ED3B4F22D /* CascadeWidgetExtension.appex in Embed Foundation Extensions */ = {isa = PBXBuildFile; fileRef = 98C7C0C311152265D8379526 /* CascadeWidgetExtension.appex */; settings = {ATTRIBUTES = (RemoveHeadersOnCopy, ); }; };
		9E30D5BBB872312418DD5B9B /* Formatting.swift in Sources */ = {isa = PBXBuildFile; fileRef = 9F62E832D7B08BCA17B8ABD7 /* Formatting.swift */; };
		B13674E0C018EEC058D7B558 /* FormattingTests.swift in Sources */ = {isa = PBXBuildFile; fileRef = 7AA3B102BE42D1A4649A6461 /* FormattingTests.swift */; };
		C7C1B926FCAD3896F9092E81 /* CacheModel.swift in Sources */ = {isa = PBXBuildFile; fileRef = 4743F7749BB7E4086767D953 /* CacheModel.swift */; };
		C8BF7B6704FCF6B23EA198E2 /* EntryView.swift in Sources */ = {isa = PBXBuildFile; fileRef = 530BDF78D76259F7CED90C28 /* EntryView.swift */; };
		CD42F16EC9B2C5D4F7FFBE28 /* SmallView.swift in Sources */ = {isa = PBXBuildFile; fileRef = 9CA653CE94840F17719DE2E9 /* SmallView.swift */; };
		CDE95CF03B0B05754BDF5D95 /* UsageCache.swift in Sources */ = {isa = PBXBuildFile; fileRef = 0208B51D2101F403DC0C843E /* UsageCache.swift */; };
		D999CEAD47A314CC0DF058D6 /* UsageRow.swift in Sources */ = {isa = PBXBuildFile; fileRef = 2204BF1DA04DF8F6985663D3 /* UsageRow.swift */; };
		E18514BA80954D8BE94849DC /* CascadeWidgetBundle.swift in Sources */ = {isa = PBXBuildFile; fileRef = 29897EB935C8DDA838741E2B /* CascadeWidgetBundle.swift */; };
		E5EF160E290BBE1E71F8428C /* CacheModelTests.swift in Sources */ = {isa = PBXBuildFile; fileRef = DAD2D3E2C07F5CDFBE51A235 /* CacheModelTests.swift */; };
		F209631C0A8F1A3BAD5FDE69 /* CascadeStore.swift in Sources */ = {isa = PBXBuildFile; fileRef = 39A9D768A4916F498A482377 /* CascadeStore.swift */; };
		F25DA02DB1F660596A018B8D /* WidgetKit.framework in Frameworks */ = {isa = PBXBuildFile; fileRef = 17CE73AD8CBC2DC8B4E74DFF /* WidgetKit.framework */; };
		FB84C7275D2EAE462D2941C0 /* DesktopWindowController.swift in Sources */ = {isa = PBXBuildFile; fileRef = 763158F9C486655DE9DD932B /* DesktopWindowController.swift */; };
/* End PBXBuildFile section */

/* Begin PBXContainerItemProxy section */
		066DCFC21B2DE9542C3DFF71 /* PBXContainerItemProxy */ = {
			isa = PBXContainerItemProxy;
			containerPortal = B787B2F5D045E8181F3E8CC3 /* Project object */;
			proxyType = 1;
			remoteGlobalIDString = 0AA2191F64FA81052F9C471B;
			remoteInfo = CascadeWidgetExtension;
		};
/* End PBXContainerItemProxy section */

/* Begin PBXCopyFilesBuildPhase section */
		6E585E0186806B3B1F9597EA /* Embed Foundation Extensions */ = {
			isa = PBXCopyFilesBuildPhase;
			buildActionMask = 2147483647;
			dstPath = "";
			dstSubfolderSpec = 13;
			files = (
				969BB6A87AED736ED3B4F22D /* CascadeWidgetExtension.appex in Embed Foundation Extensions */,
			);
			name = "Embed Foundation Extensions";
			runOnlyForDeploymentPostprocessing = 0;
		};
/* End PBXCopyFilesBuildPhase section */

/* Begin PBXFileReference section */
		0208B51D2101F403DC0C843E /* UsageCache.swift */ = {isa = PBXFileReference; lastKnownFileType = sourcecode.swift; path = UsageCache.swift; sourceTree = "<group>"; };
		087B157FAA8CD443F9533691 /* MonochromeDimModifier.swift */ = {isa = PBXFileReference; lastKnownFileType = sourcecode.swift; path = MonochromeDimModifier.swift; sourceTree = "<group>"; };
		1102B7280FF31198B0CFD627 /* CascadeWidgetExtension.entitlements */ = {isa = PBXFileReference; lastKnownFileType = text.plist.entitlements; path = CascadeWidgetExtension.entitlements; sourceTree = "<group>"; };
		17CE73AD8CBC2DC8B4E74DFF /* WidgetKit.framework */ = {isa = PBXFileReference; lastKnownFileType = wrapper.framework; name = WidgetKit.framework; path = System/Library/Frameworks/WidgetKit.framework; sourceTree = SDKROOT; };
		1BF604E22550C7A037318CCF /* CascadeApp.app */ = {isa = PBXFileReference; explicitFileType = wrapper.application; includeInIndex = 0; path = CascadeApp.app; sourceTree = BUILT_PRODUCTS_DIR; };
		1F7B27FE10A9B0B7808F0E86 /* CascadeApp.entitlements */ = {isa = PBXFileReference; lastKnownFileType = text.plist.entitlements; path = CascadeApp.entitlements; sourceTree = "<group>"; };
		1FB538BE3C026816D9226121 /* CascadeWidget.swift */ = {isa = PBXFileReference; lastKnownFileType = sourcecode.swift; path = CascadeWidget.swift; sourceTree = "<group>"; };
		2204BF1DA04DF8F6985663D3 /* UsageRow.swift */ = {isa = PBXFileReference; lastKnownFileType = sourcecode.swift; path = UsageRow.swift; sourceTree = "<group>"; };
		29897EB935C8DDA838741E2B /* CascadeWidgetBundle.swift */ = {isa = PBXFileReference; lastKnownFileType = sourcecode.swift; path = CascadeWidgetBundle.swift; sourceTree = "<group>"; };
		30BEF06182F332F03679B356 /* AppIcon.icns */ = {isa = PBXFileReference; lastKnownFileType = image.icns; path = AppIcon.icns; sourceTree = "<group>"; };
		32BDC7ECB66D7F993F0B31EE /* CascadeApp.swift */ = {isa = PBXFileReference; lastKnownFileType = sourcecode.swift; path = CascadeApp.swift; sourceTree = "<group>"; };
		39A9D768A4916F498A482377 /* CascadeStore.swift */ = {isa = PBXFileReference; lastKnownFileType = sourcecode.swift; path = CascadeStore.swift; sourceTree = "<group>"; };
		3CE26AC57686229523FF30FB /* MediumView.swift */ = {isa = PBXFileReference; lastKnownFileType = sourcecode.swift; path = MediumView.swift; sourceTree = "<group>"; };
		442F821E1C1D02D48432491B /* CascadeMenuBarContentView.swift */ = {isa = PBXFileReference; lastKnownFileType = sourcecode.swift; path = CascadeMenuBarContentView.swift; sourceTree = "<group>"; };
		4743F7749BB7E4086767D953 /* CacheModel.swift */ = {isa = PBXFileReference; lastKnownFileType = sourcecode.swift; path = CacheModel.swift; sourceTree = "<group>"; };
		48194BB83C952802AE115361 /* CascadeWidgetTests.xctest */ = {isa = PBXFileReference; explicitFileType = wrapper.cfbundle; includeInIndex = 0; path = CascadeWidgetTests.xctest; sourceTree = BUILT_PRODUCTS_DIR; };
		4B7DC5A8B6020123C6E5F0D8 /* Entry.swift */ = {isa = PBXFileReference; lastKnownFileType = sourcecode.swift; path = Entry.swift; sourceTree = "<group>"; };
		4EE0C9FDFD3F57319DC51032 /* Provider.swift */ = {isa = PBXFileReference; lastKnownFileType = sourcecode.swift; path = Provider.swift; sourceTree = "<group>"; };
		50FFA755E8A1CA79EAAF14EB /* Info.plist */ = {isa = PBXFileReference; lastKnownFileType = text.plist; path = Info.plist; sourceTree = "<group>"; };
		530BDF78D76259F7CED90C28 /* EntryView.swift */ = {isa = PBXFileReference; lastKnownFileType = sourcecode.swift; path = EntryView.swift; sourceTree = "<group>"; };
		763158F9C486655DE9DD932B /* DesktopWindowController.swift */ = {isa = PBXFileReference; lastKnownFileType = sourcecode.swift; path = DesktopWindowController.swift; sourceTree = "<group>"; };
		7AA3B102BE42D1A4649A6461 /* FormattingTests.swift */ = {isa = PBXFileReference; lastKnownFileType = sourcecode.swift; path = FormattingTests.swift; sourceTree = "<group>"; };
		8BF87462C69C840B22807925 /* DesktopFleetView.swift */ = {isa = PBXFileReference; lastKnownFileType = sourcecode.swift; path = DesktopFleetView.swift; sourceTree = "<group>"; };
		98C7C0C311152265D8379526 /* CascadeWidgetExtension.appex */ = {isa = PBXFileReference; explicitFileType = "wrapper.app-extension"; includeInIndex = 0; path = CascadeWidgetExtension.appex; sourceTree = BUILT_PRODUCTS_DIR; };
		9CA653CE94840F17719DE2E9 /* SmallView.swift */ = {isa = PBXFileReference; lastKnownFileType = sourcecode.swift; path = SmallView.swift; sourceTree = "<group>"; };
		9F62E832D7B08BCA17B8ABD7 /* Formatting.swift */ = {isa = PBXFileReference; lastKnownFileType = sourcecode.swift; path = Formatting.swift; sourceTree = "<group>"; };
		BD237574226DE3FEAE2C5E7E /* LargeView.swift */ = {isa = PBXFileReference; lastKnownFileType = sourcecode.swift; path = LargeView.swift; sourceTree = "<group>"; };
		C7DBA986C9F3A96EE826FCC3 /* CascadeMenuBarLabel.swift */ = {isa = PBXFileReference; lastKnownFileType = sourcecode.swift; path = CascadeMenuBarLabel.swift; sourceTree = "<group>"; };
		DAD2D3E2C07F5CDFBE51A235 /* CacheModelTests.swift */ = {isa = PBXFileReference; lastKnownFileType = sourcecode.swift; path = CacheModelTests.swift; sourceTree = "<group>"; };
		F63251BBC96DE278824E772F /* Info.plist */ = {isa = PBXFileReference; lastKnownFileType = text.plist; path = Info.plist; sourceTree = "<group>"; };
/* End PBXFileReference section */

/* Begin PBXFrameworksBuildPhase section */
		422063299C74E40A19BB5078 /* Frameworks */ = {
			isa = PBXFrameworksBuildPhase;
			buildActionMask = 2147483647;
			files = (
				F25DA02DB1F660596A018B8D /* WidgetKit.framework in Frameworks */,
			);
			runOnlyForDeploymentPostprocessing = 0;
		};
/* End PBXFrameworksBuildPhase section */

/* Begin PBXGroup section */
		2C25EA8BFBD64BEF050225FC /* CascadeWidgetTests */ = {
			isa = PBXGroup;
			children = (
				DAD2D3E2C07F5CDFBE51A235 /* CacheModelTests.swift */,
				7AA3B102BE42D1A4649A6461 /* FormattingTests.swift */,
			);
			path = CascadeWidgetTests;
			sourceTree = "<group>";
		};
		2CA7087F262C903F1393E802 /* Views */ = {
			isa = PBXGroup;
			children = (
				530BDF78D76259F7CED90C28 /* EntryView.swift */,
				BD237574226DE3FEAE2C5E7E /* LargeView.swift */,
				3CE26AC57686229523FF30FB /* MediumView.swift */,
				9CA653CE94840F17719DE2E9 /* SmallView.swift */,
			);
			path = Views;
			sourceTree = "<group>";
		};
		30D700A116490F8FCB9BBC1D /* Products */ = {
			isa = PBXGroup;
			children = (
				1BF604E22550C7A037318CCF /* CascadeApp.app */,
				98C7C0C311152265D8379526 /* CascadeWidgetExtension.appex */,
				48194BB83C952802AE115361 /* CascadeWidgetTests.xctest */,
			);
			name = Products;
			sourceTree = "<group>";
		};
		35E0CF8CE2652B037C18C91D = {
			isa = PBXGroup;
			children = (
				CA8F03DD35AF1D03DEFB571B /* CascadeApp */,
				62CB9328C42EDB3EE1A0445A /* CascadeWidgetExtension */,
				2C25EA8BFBD64BEF050225FC /* CascadeWidgetTests */,
				8A02C44046E5AA0E3FAD9ED9 /* Frameworks */,
				30D700A116490F8FCB9BBC1D /* Products */,
			);
			sourceTree = "<group>";
		};
		62CB9328C42EDB3EE1A0445A /* CascadeWidgetExtension */ = {
			isa = PBXGroup;
			children = (
				4743F7749BB7E4086767D953 /* CacheModel.swift */,
				1FB538BE3C026816D9226121 /* CascadeWidget.swift */,
				29897EB935C8DDA838741E2B /* CascadeWidgetBundle.swift */,
				1102B7280FF31198B0CFD627 /* CascadeWidgetExtension.entitlements */,
				4B7DC5A8B6020123C6E5F0D8 /* Entry.swift */,
				50FFA755E8A1CA79EAAF14EB /* Info.plist */,
				4EE0C9FDFD3F57319DC51032 /* Provider.swift */,
				AA99EAB5DFFFC20D42CBC7AB /* Modifiers */,
				2CA7087F262C903F1393E802 /* Views */,
			);
			path = CascadeWidgetExtension;
			sourceTree = "<group>";
		};
		8A02C44046E5AA0E3FAD9ED9 /* Frameworks */ = {
			isa = PBXGroup;
			children = (
				17CE73AD8CBC2DC8B4E74DFF /* WidgetKit.framework */,
			);
			name = Frameworks;
			sourceTree = "<group>";
		};
		AA99EAB5DFFFC20D42CBC7AB /* Modifiers */ = {
			isa = PBXGroup;
			children = (
				087B157FAA8CD443F9533691 /* MonochromeDimModifier.swift */,
			);
			path = Modifiers;
			sourceTree = "<group>";
		};
		CA8F03DD35AF1D03DEFB571B /* CascadeApp */ = {
			isa = PBXGroup;
			children = (
				30BEF06182F332F03679B356 /* AppIcon.icns */,
				1F7B27FE10A9B0B7808F0E86 /* CascadeApp.entitlements */,
				32BDC7ECB66D7F993F0B31EE /* CascadeApp.swift */,
				442F821E1C1D02D48432491B /* CascadeMenuBarContentView.swift */,
				C7DBA986C9F3A96EE826FCC3 /* CascadeMenuBarLabel.swift */,
				39A9D768A4916F498A482377 /* CascadeStore.swift */,
				8BF87462C69C840B22807925 /* DesktopFleetView.swift */,
				763158F9C486655DE9DD932B /* DesktopWindowController.swift */,
				9F62E832D7B08BCA17B8ABD7 /* Formatting.swift */,
				F63251BBC96DE278824E772F /* Info.plist */,
				0208B51D2101F403DC0C843E /* UsageCache.swift */,
				2204BF1DA04DF8F6985663D3 /* UsageRow.swift */,
			);
			path = CascadeApp;
			sourceTree = "<group>";
		};
/* End PBXGroup section */

/* Begin PBXNativeTarget section */
		0AA2191F64FA81052F9C471B /* CascadeWidgetExtension */ = {
			isa = PBXNativeTarget;
			buildConfigurationList = 3927E962BE3970BD31D74CCF /* Build configuration list for PBXNativeTarget "CascadeWidgetExtension" */;
			buildPhases = (
				6CEE0EF4B99E2AE4058AF8B9 /* Sources */,
			);
			buildRules = (
			);
			dependencies = (
			);
			name = CascadeWidgetExtension;
			packageProductDependencies = (
			);
			productName = CascadeWidgetExtension;
			productReference = 98C7C0C311152265D8379526 /* CascadeWidgetExtension.appex */;
			productType = "com.apple.product-type.app-extension";
		};
		4BCD1F65BBB6200A57121540 /* CascadeWidgetTests */ = {
			isa = PBXNativeTarget;
			buildConfigurationList = 0704008D54D6845CA297930C /* Build configuration list for PBXNativeTarget "CascadeWidgetTests" */;
			buildPhases = (
				1AA9D60A4C503C06DDEDFD05 /* Sources */,
			);
			buildRules = (
			);
			dependencies = (
			);
			name = CascadeWidgetTests;
			packageProductDependencies = (
			);
			productName = CascadeWidgetTests;
			productReference = 48194BB83C952802AE115361 /* CascadeWidgetTests.xctest */;
			productType = "com.apple.product-type.bundle.unit-test";
		};
		A76E18BD7C786E3DF56C78A6 /* CascadeApp */ = {
			isa = PBXNativeTarget;
			buildConfigurationList = 336BC32140F186219F600301 /* Build configuration list for PBXNativeTarget "CascadeApp" */;
			buildPhases = (
				CD3DD6E99A481775BF99474D /* Sources */,
				28A0B89538B248379F549885 /* Resources */,
				422063299C74E40A19BB5078 /* Frameworks */,
				6E585E0186806B3B1F9597EA /* Embed Foundation Extensions */,
			);
			buildRules = (
			);
			dependencies = (
				6EEC8717FE8FF3E00853150A /* PBXTargetDependency */,
			);
			name = CascadeApp;
			packageProductDependencies = (
			);
			productName = CascadeApp;
			productReference = 1BF604E22550C7A037318CCF /* CascadeApp.app */;
			productType = "com.apple.product-type.application";
		};
/* End PBXNativeTarget section */

/* Begin PBXProject section */
		B787B2F5D045E8181F3E8CC3 /* Project object */ = {
			isa = PBXProject;
			attributes = {
				BuildIndependentTargetsInParallel = YES;
				LastUpgradeCheck = 1430;
				TargetAttributes = {
					0AA2191F64FA81052F9C471B = {
						DevelopmentTeam = "";
					};
					4BCD1F65BBB6200A57121540 = {
						DevelopmentTeam = "";
					};
					A76E18BD7C786E3DF56C78A6 = {
						DevelopmentTeam = "";
					};
				};
			};
			buildConfigurationList = 146620697AB57698E5EEF755 /* Build configuration list for PBXProject "CascadeWidget" */;
			developmentRegion = en;
			hasScannedForEncodings = 0;
			knownRegions = (
				Base,
				en,
			);
			mainGroup = 35E0CF8CE2652B037C18C91D;
			minimizedProjectReferenceProxies = 1;
			preferredProjectObjectVersion = 77;
			productRefGroup = 30D700A116490F8FCB9BBC1D /* Products */;
			projectDirPath = "";
			projectRoot = "";
			targets = (
				A76E18BD7C786E3DF56C78A6 /* CascadeApp */,
				0AA2191F64FA81052F9C471B /* CascadeWidgetExtension */,
				4BCD1F65BBB6200A57121540 /* CascadeWidgetTests */,
			);
		};
/* End PBXProject section */

/* Begin PBXResourcesBuildPhase section */
		28A0B89538B248379F549885 /* Resources */ = {
			isa = PBXResourcesBuildPhase;
			buildActionMask = 2147483647;
			files = (
				6C885B361E1543A3F9828C53 /* AppIcon.icns in Resources */,
			);
			runOnlyForDeploymentPostprocessing = 0;
		};
/* End PBXResourcesBuildPhase section */

/* Begin PBXSourcesBuildPhase section */
		1AA9D60A4C503C06DDEDFD05 /* Sources */ = {
			isa = PBXSourcesBuildPhase;
			buildActionMask = 2147483647;
			files = (
				7ABB8A205130B418B934BEF8 /* CacheModel.swift in Sources */,
				E5EF160E290BBE1E71F8428C /* CacheModelTests.swift in Sources */,
				5FD8CFBF632C994ED0ED00C0 /* Formatting.swift in Sources */,
				B13674E0C018EEC058D7B558 /* FormattingTests.swift in Sources */,
				CDE95CF03B0B05754BDF5D95 /* UsageCache.swift in Sources */,
			);
			runOnlyForDeploymentPostprocessing = 0;
		};
		6CEE0EF4B99E2AE4058AF8B9 /* Sources */ = {
			isa = PBXSourcesBuildPhase;
			buildActionMask = 2147483647;
			files = (
				C7C1B926FCAD3896F9092E81 /* CacheModel.swift in Sources */,
				53907DC960C89A4D6F9997B8 /* CascadeWidget.swift in Sources */,
				E18514BA80954D8BE94849DC /* CascadeWidgetBundle.swift in Sources */,
				1590037BF2ADB8F615067824 /* Entry.swift in Sources */,
				C8BF7B6704FCF6B23EA198E2 /* EntryView.swift in Sources */,
				0571D3578E002AFE2B1DDEAF /* LargeView.swift in Sources */,
				7CBCF0D56C1E576C1A3A67EC /* MediumView.swift in Sources */,
				6B61B170452FF9853DC540B1 /* MonochromeDimModifier.swift in Sources */,
				5A53E34D50A9565DBF2DEDA1 /* Provider.swift in Sources */,
				CD42F16EC9B2C5D4F7FFBE28 /* SmallView.swift in Sources */,
			);
			runOnlyForDeploymentPostprocessing = 0;
		};
		CD3DD6E99A481775BF99474D /* Sources */ = {
			isa = PBXSourcesBuildPhase;
			buildActionMask = 2147483647;
			files = (
				863F5D56D5FFD1D2875B039D /* CascadeApp.swift in Sources */,
				200118F6B9077B25B69906B4 /* CascadeMenuBarContentView.swift in Sources */,
				669AD9FD73271C19001C1D45 /* CascadeMenuBarLabel.swift in Sources */,
				F209631C0A8F1A3BAD5FDE69 /* CascadeStore.swift in Sources */,
				39A1DEC1C85AD12E5DBE12EE /* DesktopFleetView.swift in Sources */,
				FB84C7275D2EAE462D2941C0 /* DesktopWindowController.swift in Sources */,
				9E30D5BBB872312418DD5B9B /* Formatting.swift in Sources */,
				47D8146A831BD4D3635AD301 /* UsageCache.swift in Sources */,
				D999CEAD47A314CC0DF058D6 /* UsageRow.swift in Sources */,
			);
			runOnlyForDeploymentPostprocessing = 0;
		};
/* End PBXSourcesBuildPhase section */

/* Begin PBXTargetDependency section */
		6EEC8717FE8FF3E00853150A /* PBXTargetDependency */ = {
			isa = PBXTargetDependency;
			target = 0AA2191F64FA81052F9C471B /* CascadeWidgetExtension */;
			targetProxy = 066DCFC21B2DE9542C3DFF71 /* PBXContainerItemProxy */;
		};
/* End PBXTargetDependency section */

/* Begin XCBuildConfiguration section */
		3ED8A9C99AD9D16C6759117E /* Release */ = {
			isa = XCBuildConfiguration;
			buildSettings = {
				CODE_SIGNING_REQUIRED = NO;
				CODE_SIGN_ENTITLEMENTS = CascadeWidgetExtension/CascadeWidgetExtension.entitlements;
				CODE_SIGN_IDENTITY = "-";
				COMBINE_HIDPI_IMAGES = YES;
				DEVELOPMENT_TEAM = "";
				INFOPLIST_FILE = CascadeWidgetExtension/Info.plist;
				LD_RUNPATH_SEARCH_PATHS = (
					"$(inherited)",
					"@executable_path/../Frameworks",
					"@executable_path/../../../../Frameworks",
				);
				MACOSX_DEPLOYMENT_TARGET = 14.0;
				PRODUCT_BUNDLE_IDENTIFIER = io.cascade.app.widgetextension;
				PRODUCT_NAME = CascadeWidgetExtension;
				SDKROOT = macosx;
				SWIFT_VERSION = 5.9;
			};
			name = Release;
		};
		431252665E42A04D317F8AEE /* Debug */ = {
			isa = XCBuildConfiguration;
			buildSettings = {
				ASSETCATALOG_COMPILER_APPICON_NAME = AppIcon;
				CODE_SIGNING_REQUIRED = NO;
				CODE_SIGN_ENTITLEMENTS = CascadeApp/CascadeApp.entitlements;
				CODE_SIGN_IDENTITY = "-";
				COMBINE_HIDPI_IMAGES = YES;
				DEVELOPMENT_TEAM = "";
				ENABLE_APP_SANDBOX = NO;
				INFOPLIST_FILE = CascadeApp/Info.plist;
				LD_RUNPATH_SEARCH_PATHS = (
					"$(inherited)",
					"@executable_path/../Frameworks",
				);
				MACOSX_DEPLOYMENT_TARGET = 14.0;
				PRODUCT_BUNDLE_IDENTIFIER = io.cascade.app;
				PRODUCT_NAME = CascadeApp;
				SDKROOT = macosx;
				SWIFT_VERSION = 5.9;
			};
			name = Debug;
		};
		4EBAA845F6A377980D78211D /* Release */ = {
			isa = XCBuildConfiguration;
			buildSettings = {
				ASSETCATALOG_COMPILER_APPICON_NAME = AppIcon;
				CODE_SIGNING_REQUIRED = NO;
				CODE_SIGN_ENTITLEMENTS = CascadeApp/CascadeApp.entitlements;
				CODE_SIGN_IDENTITY = "-";
				COMBINE_HIDPI_IMAGES = YES;
				DEVELOPMENT_TEAM = "";
				ENABLE_APP_SANDBOX = NO;
				INFOPLIST_FILE = CascadeApp/Info.plist;
				LD_RUNPATH_SEARCH_PATHS = (
					"$(inherited)",
					"@executable_path/../Frameworks",
				);
				MACOSX_DEPLOYMENT_TARGET = 14.0;
				PRODUCT_BUNDLE_IDENTIFIER = io.cascade.app;
				PRODUCT_NAME = CascadeApp;
				SDKROOT = macosx;
				SWIFT_VERSION = 5.9;
			};
			name = Release;
		};
		56C755AF0F874C23209E6B23 /* Debug */ = {
			isa = XCBuildConfiguration;
			buildSettings = {
				CODE_SIGNING_REQUIRED = NO;
				CODE_SIGN_ENTITLEMENTS = CascadeWidgetExtension/CascadeWidgetExtension.entitlements;
				CODE_SIGN_IDENTITY = "-";
				COMBINE_HIDPI_IMAGES = YES;
				DEVELOPMENT_TEAM = "";
				INFOPLIST_FILE = CascadeWidgetExtension/Info.plist;
				LD_RUNPATH_SEARCH_PATHS = (
					"$(inherited)",
					"@executable_path/../Frameworks",
					"@executable_path/../../../../Frameworks",
				);
				MACOSX_DEPLOYMENT_TARGET = 14.0;
				PRODUCT_BUNDLE_IDENTIFIER = io.cascade.app.widgetextension;
				PRODUCT_NAME = CascadeWidgetExtension;
				SDKROOT = macosx;
				SWIFT_VERSION = 5.9;
			};
			name = Debug;
		};
		770B591849E7F01B5CC20749 /* Debug */ = {
			isa = XCBuildConfiguration;
			buildSettings = {
				BUNDLE_LOADER = "$(TEST_HOST)";
				CODE_SIGNING_REQUIRED = NO;
				CODE_SIGN_IDENTITY = "-";
				COMBINE_HIDPI_IMAGES = YES;
				DEVELOPMENT_TEAM = "";
				LD_RUNPATH_SEARCH_PATHS = (
					"$(inherited)",
					"@executable_path/../Frameworks",
					"@loader_path/../Frameworks",
				);
				MACOSX_DEPLOYMENT_TARGET = 14.0;
				PRODUCT_BUNDLE_IDENTIFIER = io.cascade.widgetTests;
				PRODUCT_NAME = CascadeWidgetTests;
				SDKROOT = macosx;
				SWIFT_VERSION = 5.9;
			};
			name = Debug;
		};
		ACF614E7ABF214EC9CF8456B /* Release */ = {
			isa = XCBuildConfiguration;
			buildSettings = {
				BUNDLE_LOADER = "$(TEST_HOST)";
				CODE_SIGNING_REQUIRED = NO;
				CODE_SIGN_IDENTITY = "-";
				COMBINE_HIDPI_IMAGES = YES;
				DEVELOPMENT_TEAM = "";
				LD_RUNPATH_SEARCH_PATHS = (
					"$(inherited)",
					"@executable_path/../Frameworks",
					"@loader_path/../Frameworks",
				);
				MACOSX_DEPLOYMENT_TARGET = 14.0;
				PRODUCT_BUNDLE_IDENTIFIER = io.cascade.widgetTests;
				PRODUCT_NAME = CascadeWidgetTests;
				SDKROOT = macosx;
				SWIFT_VERSION = 5.9;
			};
			name = Release;
		};
		D18DF74CDBEF13E91D84DB8F /* Release */ = {
			isa = XCBuildConfiguration;
			buildSettings = {
				ALWAYS_SEARCH_USER_PATHS = NO;
				CLANG_ANALYZER_NONNULL = YES;
				CLANG_ANALYZER_NUMBER_OBJECT_CONVERSION = YES_AGGRESSIVE;
				CLANG_CXX_LANGUAGE_STANDARD = "gnu++14";
				CLANG_CXX_LIBRARY = "libc++";
				CLANG_ENABLE_MODULES = YES;
				CLANG_ENABLE_OBJC_ARC = YES;
				CLANG_ENABLE_OBJC_WEAK = YES;
				CLANG_WARN_BLOCK_CAPTURE_AUTORELEASING = YES;
				CLANG_WARN_BOOL_CONVERSION = YES;
				CLANG_WARN_COMMA = YES;
				CLANG_WARN_CONSTANT_CONVERSION = YES;
				CLANG_WARN_DEPRECATED_OBJC_IMPLEMENTATIONS = YES;
				CLANG_WARN_DIRECT_OBJC_ISA_USAGE = YES_ERROR;
				CLANG_WARN_DOCUMENTATION_COMMENTS = YES;
				CLANG_WARN_EMPTY_BODY = YES;
				CLANG_WARN_ENUM_CONVERSION = YES;
				CLANG_WARN_INFINITE_RECURSION = YES;
				CLANG_WARN_INT_CONVERSION = YES;
				CLANG_WARN_NON_LITERAL_NULL_CONVERSION = YES;
				CLANG_WARN_OBJC_IMPLICIT_RETAIN_SELF = YES;
				CLANG_WARN_OBJC_LITERAL_CONVERSION = YES;
				CLANG_WARN_OBJC_ROOT_CLASS = YES_ERROR;
				CLANG_WARN_QUOTED_INCLUDE_IN_FRAMEWORK_HEADER = YES;
				CLANG_WARN_RANGE_LOOP_ANALYSIS = YES;
				CLANG_WARN_STRICT_PROTOTYPES = YES;
				CLANG_WARN_SUSPICIOUS_MOVE = YES;
				CLANG_WARN_UNGUARDED_AVAILABILITY = YES_AGGRESSIVE;
				CLANG_WARN_UNREACHABLE_CODE = YES;
				CLANG_WARN__DUPLICATE_METHOD_MATCH = YES;
				COPY_PHASE_STRIP = NO;
				DEBUG_INFORMATION_FORMAT = "dwarf-with-dsym";
				ENABLE_NS_ASSERTIONS = NO;
				ENABLE_STRICT_OBJC_MSGSEND = YES;
				GCC_C_LANGUAGE_STANDARD = gnu11;
				GCC_NO_COMMON_BLOCKS = YES;
				GCC_WARN_64_TO_32_BIT_CONVERSION = YES;
				GCC_WARN_ABOUT_RETURN_TYPE = YES_ERROR;
				GCC_WARN_UNDECLARED_SELECTOR = YES;
				GCC_WARN_UNINITIALIZED_AUTOS = YES_AGGRESSIVE;
				GCC_WARN_UNUSED_FUNCTION = YES;
				GCC_WARN_UNUSED_VARIABLE = YES;
				MACOSX_DEPLOYMENT_TARGET = 14.0;
				MTL_ENABLE_DEBUG_INFO = NO;
				MTL_FAST_MATH = YES;
				PRODUCT_NAME = "$(TARGET_NAME)";
				SDKROOT = macosx;
				SWIFT_COMPILATION_MODE = wholemodule;
				SWIFT_OPTIMIZATION_LEVEL = "-O";
				SWIFT_VERSION = 5.0;
			};
			name = Release;
		};
		DFF1CCECC2B06B93A235BADA /* Debug */ = {
			isa = XCBuildConfiguration;
			buildSettings = {
				ALWAYS_SEARCH_USER_PATHS = NO;
				CLANG_ANALYZER_NONNULL = YES;
				CLANG_ANALYZER_NUMBER_OBJECT_CONVERSION = YES_AGGRESSIVE;
				CLANG_CXX_LANGUAGE_STANDARD = "gnu++14";
				CLANG_CXX_LIBRARY = "libc++";
				CLANG_ENABLE_MODULES = YES;
				CLANG_ENABLE_OBJC_ARC = YES;
				CLANG_ENABLE_OBJC_WEAK = YES;
				CLANG_WARN_BLOCK_CAPTURE_AUTORELEASING = YES;
				CLANG_WARN_BOOL_CONVERSION = YES;
				CLANG_WARN_COMMA = YES;
				CLANG_WARN_CONSTANT_CONVERSION = YES;
				CLANG_WARN_DEPRECATED_OBJC_IMPLEMENTATIONS = YES;
				CLANG_WARN_DIRECT_OBJC_ISA_USAGE = YES_ERROR;
				CLANG_WARN_DOCUMENTATION_COMMENTS = YES;
				CLANG_WARN_EMPTY_BODY = YES;
				CLANG_WARN_ENUM_CONVERSION = YES;
				CLANG_WARN_INFINITE_RECURSION = YES;
				CLANG_WARN_INT_CONVERSION = YES;
				CLANG_WARN_NON_LITERAL_NULL_CONVERSION = YES;
				CLANG_WARN_OBJC_IMPLICIT_RETAIN_SELF = YES;
				CLANG_WARN_OBJC_LITERAL_CONVERSION = YES;
				CLANG_WARN_OBJC_ROOT_CLASS = YES_ERROR;
				CLANG_WARN_QUOTED_INCLUDE_IN_FRAMEWORK_HEADER = YES;
				CLANG_WARN_RANGE_LOOP_ANALYSIS = YES;
				CLANG_WARN_STRICT_PROTOTYPES = YES;
				CLANG_WARN_SUSPICIOUS_MOVE = YES;
				CLANG_WARN_UNGUARDED_AVAILABILITY = YES_AGGRESSIVE;
				CLANG_WARN_UNREACHABLE_CODE = YES;
				CLANG_WARN__DUPLICATE_METHOD_MATCH = YES;
				COPY_PHASE_STRIP = NO;
				DEBUG_INFORMATION_FORMAT = dwarf;
				ENABLE_STRICT_OBJC_MSGSEND = YES;
				ENABLE_TESTABILITY = YES;
				GCC_C_LANGUAGE_STANDARD = gnu11;
				GCC_DYNAMIC_NO_PIC = NO;
				GCC_NO_COMMON_BLOCKS = YES;
				GCC_OPTIMIZATION_LEVEL = 0;
				GCC_PREPROCESSOR_DEFINITIONS = (
					"$(inherited)",
					"DEBUG=1",
				);
				GCC_WARN_64_TO_32_BIT_CONVERSION = YES;
				GCC_WARN_ABOUT_RETURN_TYPE = YES_ERROR;
				GCC_WARN_UNDECLARED_SELECTOR = YES;
				GCC_WARN_UNINITIALIZED_AUTOS = YES_AGGRESSIVE;
				GCC_WARN_UNUSED_FUNCTION = YES;
				GCC_WARN_UNUSED_VARIABLE = YES;
				MACOSX_DEPLOYMENT_TARGET = 14.0;
				MTL_ENABLE_DEBUG_INFO = INCLUDE_SOURCE;
				MTL_FAST_MATH = YES;
				ONLY_ACTIVE_ARCH = YES;
				PRODUCT_NAME = "$(TARGET_NAME)";
				SDKROOT = macosx;
				SWIFT_ACTIVE_COMPILATION_CONDITIONS = DEBUG;
				SWIFT_OPTIMIZATION_LEVEL = "-Onone";
				SWIFT_VERSION = 5.0;
			};
			name = Debug;
		};
/* End XCBuildConfiguration section */

/* Begin XCConfigurationList section */
		0704008D54D6845CA297930C /* Build configuration list for PBXNativeTarget "CascadeWidgetTests" */ = {
			isa = XCConfigurationList;
			buildConfigurations = (
				770B591849E7F01B5CC20749 /* Debug */,
				ACF614E7ABF214EC9CF8456B /* Release */,
			);
			defaultConfigurationIsVisible = 0;
			defaultConfigurationName = Debug;
		};
		146620697AB57698E5EEF755 /* Build configuration list for PBXProject "CascadeWidget" */ = {
			isa = XCConfigurationList;
			buildConfigurations = (
				DFF1CCECC2B06B93A235BADA /* Debug */,
				D18DF74CDBEF13E91D84DB8F /* Release */,
			);
			defaultConfigurationIsVisible = 0;
			defaultConfigurationName = Debug;
		};
		336BC32140F186219F600301 /* Build configuration list for PBXNativeTarget "CascadeApp" */ = {
			isa = XCConfigurationList;
			buildConfigurations = (
				431252665E42A04D317F8AEE /* Debug */,
				4EBAA845F6A377980D78211D /* Release */,
			);
			defaultConfigurationIsVisible = 0;
			defaultConfigurationName = Debug;
		};
		3927E962BE3970BD31D74CCF /* Build configuration list for PBXNativeTarget "CascadeWidgetExtension" */ = {
			isa = XCConfigurationList;
			buildConfigurations = (
				56C755AF0F874C23209E6B23 /* Debug */,
				3ED8A9C99AD9D16C6759117E /* Release */,
			);
			defaultConfigurationIsVisible = 0;
			defaultConfigurationName = Debug;
		};
/* End XCConfigurationList section */
	};
	rootObject = B787B2F5D045E8181F3E8CC3 /* Project object */;
}
